
Microsoft Visual Studio Solution File, Format Version 12.00
# Visual Studio Version 17
VisualStudioVersion = 17.0.31903.59
MinimumVisualStudioVersion = 10.0.40219.1
Project("{FAE04EC0-301F-11D3-BF4B-00C04F79EFBC}") = "NavigationMVVM", "NavigationMVVM.csproj", "{2001B547-9B88-4492-9BE4-80E73F1E37CA}"
EndProject
Global
	GlobalSection(SolutionConfigurationPlatforms) = preSolution
		Debug|Any CPU = Debug|Any CPU
		Release|Any CPU = Release|Any CPU
	EndGlobalSection
	GlobalSection(ProjectConfigurationPlatforms) = postSolution
		{2001B547-9B88-4492-9BE4-80E73F1E37CA}.Debug|Any CPU.ActiveCfg = Debug|Any CPU
		{2001B547-9B88-4492-9BE4-80E73F1E37CA}.Debug|Any CPU.Build.0 = Debug|Any CPU
		{2001B547-9B88-4492-9BE4-80E73F1E37CA}.Release|Any CPU.ActiveCfg = Release|Any CPU
		{2001B547-9B88-4492-9BE4-80E73F1E37CA}.Release|Any CPU.Build.0 = Release|Any CPU
	EndGlobalSection
	GlobalSection(SolutionProperties) = preSolution
		HideSolutionNode = FALSE
	EndGlobalSection
	GlobalSection(ExtensibilityGlobals) = postSolution
		SolutionGuid = {B40AE54F-0289-499B-96C3-EAC92F8ADAFC}
	EndGlobalSection
EndGlobal
